
Microsoft Visual Studio Solution File, Format Version 12.00
# Visual Studio 15
VisualStudioVersion = 15.0.27703.2035
MinimumVisualStudioVersion = 10.0.40219.1
Project("{FAE04EC0-301F-11D3-BF4B-00C04F79EFBC}") = "variablenaming", "variablenaming\variablenaming.csproj", "{F7E54CF4-FCEE-4F23-A456-B21C5C6742F5}"
EndProject
Global
	GlobalSection(SolutionConfigurationPlatforms) = preSolution
		Debug|Any CPU = Debug|Any CPU
		Release|Any CPU = Release|Any CPU
	EndGlobalSection
	GlobalSection(ProjectConfigurationPlatforms) = postSolution
		{F7E54CF4-FCEE-4F23-A456-B21C5C6742F5}.Debug|Any CPU.ActiveCfg = Debug|Any CPU
		{F7E54CF4-FCEE-4F23-A456-B21C5C6742F5}.Debug|Any CPU.Build.0 = Debug|Any CPU
		{F7E54CF4-FCEE-4F23-A456-B21C5C6742F5}.Release|Any CPU.ActiveCfg = Release|Any CPU
		{F7E54CF4-FCEE-4F23-A456-B21C5C6742F5}.Release|Any CPU.Build.0 = Release|Any CPU
	EndGlobalSection
	GlobalSection(SolutionProperties) = preSolution
		HideSolutionNode = FALSE
	EndGlobalSection
	GlobalSection(ExtensibilityGlobals) = postSolution
		SolutionGuid = {7F1F22D2-76E0-47D3-A8BF-FB7D421E7FF4}
	EndGlobalSection
EndGlobal
