
Microsoft Visual Studio Solution File, Format Version 12.00
# Visual Studio 15
VisualStudioVersion = 15.0.27703.2035
MinimumVisualStudioVersion = 10.0.40219.1
Project("{FAE04EC0-301F-11D3-BF4B-00C04F79EFBC}") = "ProjecetdRaisesInteractive", "ProjecetdRaisesInteractive\ProjecetdRaisesInteractive.csproj", "{80E4DF9F-6B92-47DD-83A4-4860E34853D3}"
EndProject
Global
	GlobalSection(SolutionConfigurationPlatforms) = preSolution
		Debug|Any CPU = Debug|Any CPU
		Release|Any CPU = Release|Any CPU
	EndGlobalSection
	GlobalSection(ProjectConfigurationPlatforms) = postSolution
		{80E4DF9F-6B92-47DD-83A4-4860E34853D3}.Debug|Any CPU.ActiveCfg = Debug|Any CPU
		{80E4DF9F-6B92-47DD-83A4-4860E34853D3}.Debug|Any CPU.Build.0 = Debug|Any CPU
		{80E4DF9F-6B92-47DD-83A4-4860E34853D3}.Release|Any CPU.ActiveCfg = Release|Any CPU
		{80E4DF9F-6B92-47DD-83A4-4860E34853D3}.Release|Any CPU.Build.0 = Release|Any CPU
	EndGlobalSection
	GlobalSection(SolutionProperties) = preSolution
		HideSolutionNode = FALSE
	EndGlobalSection
	GlobalSection(ExtensibilityGlobals) = postSolution
		SolutionGuid = {BDA1B74F-F521-4CA8-8581-8F8712D5F573}
	EndGlobalSection
EndGlobal
